
Microsoft Visual Studio Solution File, Format Version 12.00
# Visual Studio Version 16
VisualStudioVersion = 16.0.31424.327
MinimumVisualStudioVersion = 10.0.40219.1
Project("{FAE04EC0-301F-11D3-BF4B-00C04F79EFBC}") = "CodeFirstDemo", "CodeFirstDemo\CodeFirstDemo.csproj", "{B79D63CD-52CE-4119-978C-2154DF9EB9D8}"
EndProject
Global
	GlobalSection(SolutionConfigurationPlatforms) = preSolution
		Debug|Any CPU = Debug|Any CPU
		Release|Any CPU = Release|Any CPU
	EndGlobalSection
	GlobalSection(ProjectConfigurationPlatforms) = postSolution
		{B79D63CD-52CE-4119-978C-2154DF9EB9D8}.Debug|Any CPU.ActiveCfg = Debug|Any CPU
		{B79D63CD-52CE-4119-978C-2154DF9EB9D8}.Debug|Any CPU.Build.0 = Debug|Any CPU
		{B79D63CD-52CE-4119-978C-2154DF9EB9D8}.Release|Any CPU.ActiveCfg = Release|Any CPU
		{B79D63CD-52CE-4119-978C-2154DF9EB9D8}.Release|Any CPU.Build.0 = Release|Any CPU
	EndGlobalSection
	GlobalSection(SolutionProperties) = preSolution
		HideSolutionNode = FALSE
	EndGlobalSection
	GlobalSection(ExtensibilityGlobals) = postSolution
		SolutionGuid = {1CD08A6A-041D-42A1-AE1A-016F15ADB472}
	EndGlobalSection
EndGlobal
